
Microsoft Visual Studio Solution File, Format Version 12.00
# Visual Studio 15
VisualStudioVersion = 15.0.27703.2047
MinimumVisualStudioVersion = 10.0.40219.1
Project("{9A19103F-16F7-4668-BE54-9A1E7A4F7556}") = "VictorCapelini19092018", "VictorCapelini19092018\VictorCapelini19092018.csproj", "{12B50874-64CE-46B5-8A1A-EE1012EF6AFD}"
EndProject
Project("{FAE04EC0-301F-11D3-BF4B-00C04F79EFBC}") = "TesteManual", "TesteManual\TesteManual.csproj", "{B1A1EEB4-74A9-4882-9670-796FAF27D1A1}"
	ProjectSection(ProjectDependencies) = postProject
		{12B50874-64CE-46B5-8A1A-EE1012EF6AFD} = {12B50874-64CE-46B5-8A1A-EE1012EF6AFD}
	EndProjectSection
EndProject
Global
	GlobalSection(SolutionConfigurationPlatforms) = preSolution
		Debug|Any CPU = Debug|Any CPU
		Release|Any CPU = Release|Any CPU
	EndGlobalSection
	GlobalSection(ProjectConfigurationPlatforms) = postSolution
		{12B50874-64CE-46B5-8A1A-EE1012EF6AFD}.Debug|Any CPU.ActiveCfg = Debug|Any CPU
		{12B50874-64CE-46B5-8A1A-EE1012EF6AFD}.Debug|Any CPU.Build.0 = Debug|Any CPU
		{12B50874-64CE-46B5-8A1A-EE1012EF6AFD}.Release|Any CPU.ActiveCfg = Release|Any CPU
		{12B50874-64CE-46B5-8A1A-EE1012EF6AFD}.Release|Any CPU.Build.0 = Release|Any CPU
		{B1A1EEB4-74A9-4882-9670-796FAF27D1A1}.Debug|Any CPU.ActiveCfg = Debug|Any CPU
		{B1A1EEB4-74A9-4882-9670-796FAF27D1A1}.Debug|Any CPU.Build.0 = Debug|Any CPU
		{B1A1EEB4-74A9-4882-9670-796FAF27D1A1}.Release|Any CPU.ActiveCfg = Release|Any CPU
		{B1A1EEB4-74A9-4882-9670-796FAF27D1A1}.Release|Any CPU.Build.0 = Release|Any CPU
	EndGlobalSection
	GlobalSection(SolutionProperties) = preSolution
		HideSolutionNode = FALSE
	EndGlobalSection
	GlobalSection(ExtensibilityGlobals) = postSolution
		SolutionGuid = {E06B83B0-5788-4BC7-BBAD-CFDC047E1FFA}
	EndGlobalSection
EndGlobal
